{
  "name": "design",
  "lockfileVersion": 3,
  "requires": true,
  "packages": {
    "": {
      "dependencies": {
        "@fontsource/nunito": "^5.2.7"
      }
    },
    "node_modules/@fontsource/nunito": {
      "version": "5.2.7",
      "resolved": "https://registry.npmjs.org/@fontsource/nunito/-/nunito-5.2.7.tgz",
      "integrity": "sha512-pmtBq0H9ex9nk+RtJYEJOD9pag393iHETnl/PVKleF4i06cd0ttngK5ZCTgYb5eOqR3Xdlrjtev8m7bmgYprew==",
      "license": "OFL-1.1",
      "funding": {
        "url": "https://github.com/sponsors/ayuhito"
      }
    }
  }
}
